
Microsoft Visual Studio Solution File, Format Version 12.00
# Visual Studio Version 16
VisualStudioVersion = 16.0.31729.503
MinimumVisualStudioVersion = 10.0.40219.1
Project("{9A19103F-16F7-4668-BE54-9A1E7A4F7556}") = "Cinerva.TestConsole", "modul03_tema02\Cinerva.TestConsole.csproj", "{7BD8E331-01C0-447D-9FEE-406255B88B39}"
EndProject
Project("{FAE04EC0-301F-11D3-BF4B-00C04F79EFBC}") = "Cinerva.Data", "Cinerva.Data\Cinerva.Data.csproj", "{F97A15B5-0E5A-4D0A-9C01-21ED1F7A24CA}"
EndProject
Global
	GlobalSection(SolutionConfigurationPlatforms) = preSolution
		Debug|Any CPU = Debug|Any CPU
		Release|Any CPU = Release|Any CPU
	EndGlobalSection
	GlobalSection(ProjectConfigurationPlatforms) = postSolution
		{7BD8E331-01C0-447D-9FEE-406255B88B39}.Debug|Any CPU.ActiveCfg = Debug|Any CPU
		{7BD8E331-01C0-447D-9FEE-406255B88B39}.Debug|Any CPU.Build.0 = Debug|Any CPU
		{7BD8E331-01C0-447D-9FEE-406255B88B39}.Release|Any CPU.ActiveCfg = Release|Any CPU
		{7BD8E331-01C0-447D-9FEE-406255B88B39}.Release|Any CPU.Build.0 = Release|Any CPU
		{F97A15B5-0E5A-4D0A-9C01-21ED1F7A24CA}.Debug|Any CPU.ActiveCfg = Debug|Any CPU
		{F97A15B5-0E5A-4D0A-9C01-21ED1F7A24CA}.Debug|Any CPU.Build.0 = Debug|Any CPU
		{F97A15B5-0E5A-4D0A-9C01-21ED1F7A24CA}.Release|Any CPU.ActiveCfg = Release|Any CPU
		{F97A15B5-0E5A-4D0A-9C01-21ED1F7A24CA}.Release|Any CPU.Build.0 = Release|Any CPU
	EndGlobalSection
	GlobalSection(SolutionProperties) = preSolution
		HideSolutionNode = FALSE
	EndGlobalSection
	GlobalSection(ExtensibilityGlobals) = postSolution
		SolutionGuid = {DD736CC9-4800-4A08-92DB-75239DC33279}
	EndGlobalSection
EndGlobal
